PODS:
  - Alamofire (4.6.0)
  - CHIPageControl (0.1.5):
    - CHIPageControl/Aji (= 0.1.5)
    - CHIPageControl/Aleppo (= 0.1.5)
    - CHIPageControl/Chimayo (= 0.1.5)
    - CHIPageControl/Fresno (= 0.1.5)
    - CHIPageControl/Jalapeno (= 0.1.5)
    - CHIPageControl/Jaloro (= 0.1.5)
    - CHIPageControl/Paprika (= 0.1.5)
    - CHIPageControl/Puya (= 0.1.5)
  - CHIPageControl/Aji (0.1.5)
  - CHIPageControl/Aleppo (0.1.5)
  - CHIPageControl/Chimayo (0.1.5)
  - CHIPageControl/Fresno (0.1.5)
  - CHIPageControl/Jalapeno (0.1.5)
  - CHIPageControl/Jaloro (0.1.5)
  - CHIPageControl/Paprika (0.1.5)
  - CHIPageControl/Puya (0.1.5)
  - KDCircularProgress (1.5.2)
  - lottie-ios (2.5.0)
  - Realm (3.1.0):
    - Realm/Headers (= 3.1.0)
  - Realm/Headers (3.1.0)
  - RealmSwift (3.1.0):
    - Realm (= 3.1.0)
  - SwiftyJSON (4.0.0)
  - Toast-Swift (3.0.1)

DEPENDENCIES:
  - Alamofire
  - CHIPageControl
  - KDCircularProgress (from `https://github.com/kaandedeoglu/KDCircularProgress`)
  - lottie-ios
  - RealmSwift
  - SwiftyJSON
  - Toast-Swift

EXTERNAL SOURCES:
  KDCircularProgress:
    :git: https://github.com/kaandedeoglu/KDCircularProgress

CHECKOUT OPTIONS:
  KDCircularProgress:
    :commit: ba525189fb2dd2b3e0ebbd8ccac77bf2e5915739
    :git: https://github.com/kaandedeoglu/KDCircularProgress

SPEC CHECKSUMS:
  Alamofire: f41a599bd63041760b26d393ec1069d9d7b917f4
  CHIPageControl: 79d19a8ee2e35fa3c1da6533adb5364c77b5cfea
  KDCircularProgress: 12f677b2deb02409ab48c6cae1898d146b8ad549
  lottie-ios: d699fdee68d7b63e721d949388b015fef1aaa4ac
  Realm: 09513d7c054678d65cd02ce09871f805b0d758ac
  RealmSwift: e868fee9b10e5490ad94b6b6ecd9027944da1824
  SwiftyJSON: 070dabdcb1beb81b247c65ffa3a79dbbfb3b48aa
  Toast-Swift: ba0b01b095aada709d915f9beb1d38184a2721c3

PODFILE CHECKSUM: dceab797d442ff738fe8eb3c0b8947e36349e46a

COCOAPODS: 1.3.1
