// !$*UTF8*$!
{
	archiveVersion = 1;
	classes = {
	};
	objectVersion = 48;
	objects = {

/* Begin PBXBuildFile section */
		FC206A9C2022A6D200FF0F45 /* AppDelegate.swift in Sources */ = {isa = PBXBuildFile; fileRef = FC206A9B2022A6D200FF0F45 /* AppDelegate.swift */; };
		FC206A9E2022A6D200FF0F45 /* ViewController.swift in Sources */ = {isa = PBXBuildFile; fileRef = FC206A9D2022A6D200FF0F45 /* ViewController.swift */; };
		FC206AA12022A6D200FF0F45 /* Main.storyboard in Resources */ = {isa = PBXBuildFile; fileRef = FC206A9F2022A6D200FF0F45 /* Main.storyboard */; };
		FC206AA32022A6D200FF0F45 /* Assets.xcassets in Resources */ = {isa = PBXBuildFile; fileRef = FC206AA22022A6D200FF0F45 /* Assets.xcassets */; };
		FC206AA62022A6D200FF0F45 /* LaunchScreen.storyboard in Resources */ = {isa = PBXBuildFile; fileRef = FC206AA42022A6D200FF0F45 /* LaunchScreen.storyboard */; };
/* End PBXBuildFile section */

/* Begin PBXFileReference section */
		FC206A982022A6D200FF0F45 /* WOOFWOOF.app */ = {isa = PBXFileReference; explicitFileType = wrapper.application; includeInIndex = 0; path = WOOFWOOF.app; sourceTree = BUILT_PRODUCTS_DIR; };
		FC206A9B2022A6D200FF0F45 /* AppDelegate.swift */ = {isa = PBXFileReference; lastKnownFileType = sourcecode.swift; path = AppDelegate.swift; sourceTree = "<group>"; };
		FC206A9D2022A6D200FF0F45 /* ViewController.swift */ = {isa = PBXFileReference; lastKnownFileType = sourcecode.swift; path = ViewController.swift; sourceTree = "<group>"; };
		FC206AA02022A6D200FF0F45 /* Base */ = {isa = PBXFileReference; lastKnownFileType = file.storyboard; name = Base; path = Base.lproj/Main.storyboard; sourceTree = "<group>"; };
		FC206AA22022A6D200FF0F45 /* Assets.xcassets */ = {isa = PBXFileReference; lastKnownFileType = folder.assetcatalog; path = Assets.xcassets; sourceTree = "<group>"; };
		FC206AA52022A6D200FF0F45 /* Base */ = {isa = PBXFileReference; lastKnownFileType = file.storyboard; name = Base; path = Base.lproj/LaunchScreen.storyboard; sourceTree = "<group>"; };
		FC206AA72022A6D200FF0F45 /* Info.plist */ = {isa = PBXFileReference; lastKnownFileType = text.plist.xml; path = Info.plist; sourceTree = "<group>"; };
/* End PBXFileReference section */

/* Begin PBXFrameworksBuildPhase section */
		FC206A952022A6D200FF0F45 /* Frameworks */ = {
			isa = PBXFrameworksBuildPhase;
			buildActionMask = 2147483647;
			files = (
			);
			runOnlyForDeploymentPostprocessing = 0;
		};
/* End PBXFrameworksBuildPhase section */

/* Begin PBXGroup section */
		FC206A8F2022A6D200FF0F45 = {
			isa = PBXGroup;
			children = (
				FC206A9A2022A6D200FF0F45 /* WOOFWOOF */,
				FC206A992022A6D200FF0F45 /* Products */,
			);
			sourceTree = "<group>";
		};
		FC206A992022A6D200FF0F45 /* Products */ = {
			isa = PBXGroup;
			children = (
				FC206A982022A6D200FF0F45 /* WOOFWOOF.app */,
			);
			name = Products;
			sourceTree = "<group>";
		};
		FC206A9A2022A6D200FF0F45 /* WOOFWOOF */ = {
			isa = PBXGroup;
			children = (
				FC206A9B2022A6D200FF0F45 /* AppDelegate.swift */,
				FC206A9D2022A6D200FF0F45 /* ViewController.swift */,
				FC206A9F2022A6D200FF0F45 /* Main.storyboard */,
				FC206AA22022A6D200FF0F45 /* Assets.xcassets */,
				FC206AA42022A6D200FF0F45 /* LaunchScreen.storyboard */,
				FC206AA72022A6D200FF0F45 /* Info.plist */,
			);
			path = WOOFWOOF;
			sourceTree = "<group>";
		};
/* End PBXGroup section */

/* Begin PBXNativeTarget section */
		FC206A972022A6D200FF0F45 /* WOOFWOOF */ = {
			isa = PBXNativeTarget;
			buildConfigurationList = FC206AAA2022A6D200FF0F45 /* Build configuration list for PBXNativeTarget "WOOFWOOF" */;
			buildPhases = (
				FC206A942022A6D200FF0F45 /* Sources */,
				FC206A952022A6D200FF0F45 /* Frameworks */,
				FC206A962022A6D200FF0F45 /* Resources */,
			);
			buildRules = (
			);
			dependencies = (
			);
			name = WOOFWOOF;
			productName = WOOFWOOF;
			productReference = FC206A982022A6D200FF0F45 /* WOOFWOOF.app */;
			productType = "com.apple.product-type.application";
		};
/* End PBXNativeTarget section */

/* Begin PBXProject section */
		FC206A902022A6D200FF0F45 /* Project object */ = {
			isa = PBXProject;
			attributes = {
				LastSwiftUpdateCheck = 0920;
				LastUpgradeCheck = 0920;
				ORGANIZATIONNAME = "이광용";
				TargetAttributes = {
					FC206A972022A6D200FF0F45 = {
						CreatedOnToolsVersion = 9.2;
						ProvisioningStyle = Automatic;
					};
				};
			};
			buildConfigurationList = FC206A932022A6D200FF0F45 /* Build configuration list for PBXProject "WOOFWOOF" */;
			compatibilityVersion = "Xcode 8.0";
			developmentRegion = en;
			hasScannedForEncodings = 0;
			knownRegions = (
				en,
				Base,
			);
			mainGroup = FC206A8F2022A6D200FF0F45;
			productRefGroup = FC206A992022A6D200FF0F45 /* Products */;
			projectDirPath = "";
			projectRoot = "";
			targets = (
				FC206A972022A6D200FF0F45 /* WOOFWOOF */,
			);
		};
/* End PBXProject section */

/* Begin PBXResourcesBuildPhase section */
		FC206A962022A6D200FF0F45 /* Resources */ = {
			isa = PBXResourcesBuildPhase;
			buildActionMask = 2147483647;
			files = (
				FC206AA62022A6D200FF0F45 /* LaunchScreen.storyboard in Resources */,
				FC206AA32022A6D200FF0F45 /* Assets.xcassets in Resources */,
				FC206AA12022A6D200FF0F45 /* Main.storyboard in Resources */,
			);
			runOnlyForDeploymentPostprocessing = 0;
		};
/* End PBXResourcesBuildPhase section */

/* Begin PBXSourcesBuildPhase section */
		FC206A942022A6D200FF0F45 /* Sources */ = {
			isa = PBXSourcesBuildPhase;
			buildActionMask = 2147483647;
			files = (
				FC206A9E2022A6D200FF0F45 /* ViewController.swift in Sources */,
				FC206A9C2022A6D200FF0F45 /* AppDelegate.swift in Sources */,
			);
			runOnlyForDeploymentPostprocessing = 0;
		};
/* End PBXSourcesBuildPhase section */

/* Begin PBXVariantGroup section */
		FC206A9F2022A6D200FF0F45 /* Main.storyboard */ = {
			isa = PBXVariantGroup;
			children = (
				FC206AA02022A6D200FF0F45 /* Base */,
			);
			name = Main.storyboard;
			sourceTree = "<group>";
		};
		FC206AA42022A6D200FF0F45 /* LaunchScreen.storyboard */ = {
			isa = PBXVariantGroup;
			children = (
				FC206AA52022A6D200FF0F45 /* Base */,
			);
			name = LaunchScreen.storyboard;
			sourceTree = "<group>";
		};
/* End PBXVariantGroup section */

/* Begin XCBuildConfiguration section */
		FC206AA82022A6D200FF0F45 /* Debug */ = {
			isa = XCBuildConfiguration;
			buildSettings = {
				ALWAYS_SEARCH_USER_PATHS = NO;
				CLANG_ANALYZER_NONNULL = YES;
				CLANG_ANALYZER_NUMBER_OBJECT_CONVERSION = YES_AGGRESSIVE;
				CLANG_CXX_LANGUAGE_STANDARD = "gnu++14";
				CLANG_CXX_LIBRARY = "libc++";
				CLANG_ENABLE_MODULES = YES;
				CLANG_ENABLE_OBJC_ARC = YES;
				CLANG_WARN_BLOCK_CAPTURE_AUTORELEASING = YES;
				CLANG_WARN_BOOL_CONVERSION = YES;
				CLANG_WARN_COMMA = YES;
				CLANG_WARN_CONSTANT_CONVERSION = YES;
				CLANG_WARN_DIRECT_OBJC_ISA_USAGE = YES_ERROR;
				CLANG_WARN_DOCUMENTATION_COMMENTS = YES;
				CLANG_WARN_EMPTY_BODY = YES;
				CLANG_WARN_ENUM_CONVERSION = YES;
				CLANG_WARN_INFINITE_RECURSION = YES;
				CLANG_WARN_INT_CONVERSION = YES;
				CLANG_WARN_NON_LITERAL_NULL_CONVERSION = YES;
				CLANG_WARN_OBJC_LITERAL_CONVERSION = YES;
				CLANG_WARN_OBJC_ROOT_CLASS = YES_ERROR;
				CLANG_WARN_RANGE_LOOP_ANALYSIS = YES;
				CLANG_WARN_STRICT_PROTOTYPES = YES;
				CLANG_WARN_SUSPICIOUS_MOVE = YES;
				CLANG_WARN_UNGUARDED_AVAILABILITY = YES_AGGRESSIVE;
				CLANG_WARN_UNREACHABLE_CODE = YES;
				CLANG_WARN__DUPLICATE_METHOD_MATCH = YES;
				CODE_SIGN_IDENTITY = "iPhone Developer";
				COPY_PHASE_STRIP = NO;
				DEBUG_INFORMATION_FORMAT = dwarf;
				ENABLE_STRICT_OBJC_MSGSEND = YES;
				ENABLE_TESTABILITY = YES;
				GCC_C_LANGUAGE_STANDARD = gnu11;
				GCC_DYNAMIC_NO_PIC = NO;
				GCC_NO_COMMON_BLOCKS = YES;
				GCC_OPTIMIZATION_LEVEL = 0;
				GCC_PREPROCESSOR_DEFINITIONS = (
					"DEBUG=1",
					"$(inherited)",
				);
				GCC_WARN_64_TO_32_BIT_CONVERSION = YES;
				GCC_WARN_ABOUT_RETURN_TYPE = YES_ERROR;
				GCC_WARN_UNDECLARED_SELECTOR = YES;
				GCC_WARN_UNINITIALIZED_AUTOS = YES_AGGRESSIVE;
				GCC_WARN_UNUSED_FUNCTION = YES;
				GCC_WARN_UNUSED_VARIABLE = YES;
				IPHONEOS_DEPLOYMENT_TARGET = 11.2;
				MTL_ENABLE_DEBUG_INFO = YES;
				ONLY_ACTIVE_ARCH = YES;
				SDKROOT = iphoneos;
				SWIFT_ACTIVE_COMPILATION_CONDITIONS = DEBUG;
				SWIFT_OPTIMIZATION_LEVEL = "-Onone";
			};
			name = Debug;
		};
		FC206AA92022A6D200FF0F45 /* Release */ = {
			isa = XCBuildConfiguration;
			buildSettings = {
				ALWAYS_SEARCH_USER_PATHS = NO;
				CLANG_ANALYZER_NONNULL = YES;
				CLANG_ANALYZER_NUMBER_OBJECT_CONVERSION = YES_AGGRESSIVE;
				CLANG_CXX_LANGUAGE_STANDARD = "gnu++14";
				CLANG_CXX_LIBRARY = "libc++";
				CLANG_ENABLE_MODULES = YES;
				CLANG_ENABLE_OBJC_ARC = YES;
				CLANG_WARN_BLOCK_CAPTURE_AUTORELEASING = YES;
				CLANG_WARN_BOOL_CONVERSION = YES;
				CLANG_WARN_COMMA = YES;
				CLANG_WARN_CONSTANT_CONVERSION = YES;
				CLANG_WARN_DIRECT_OBJC_ISA_USAGE = YES_ERROR;
				CLANG_WARN_DOCUMENTATION_COMMENTS = YES;
				CLANG_WARN_EMPTY_BODY = YES;
				CLANG_WARN_ENUM_CONVERSION = YES;
				CLANG_WARN_INFINITE_RECURSION = YES;
				CLANG_WARN_INT_CONVERSION = YES;
				CLANG_WARN_NON_LITERAL_NULL_CONVERSION = YES;
				CLANG_WARN_OBJC_LITERAL_CONVERSION = YES;
				CLANG_WARN_OBJC_ROOT_CLASS = YES_ERROR;
				CLANG_WARN_RANGE_LOOP_ANALYSIS = YES;
				CLANG_WARN_STRICT_PROTOTYPES = YES;
				CLANG_WARN_SUSPICIOUS_MOVE = YES;
				CLANG_WARN_UNGUARDED_AVAILABILITY = YES_AGGRESSIVE;
				CLANG_WARN_UNREACHABLE_CODE = YES;
				CLANG_WARN__DUPLICATE_METHOD_MATCH = YES;
				CODE_SIGN_IDENTITY = "iPhone Developer";
				COPY_PHASE_STRIP = NO;
				DEBUG_INFORMATION_FORMAT = "dwarf-with-dsym";
				ENABLE_NS_ASSERTIONS = NO;
				ENABLE_STRICT_OBJC_MSGSEND = YES;
				GCC_C_LANGUAGE_STANDARD = gnu11;
				GCC_NO_COMMON_BLOCKS = YES;
				GCC_WARN_64_TO_32_BIT_CONVERSION = YES;
				GCC_WARN_ABOUT_RETURN_TYPE = YES_ERROR;
				GCC_WARN_UNDECLARED_SELECTOR = YES;
				GCC_WARN_UNINITIALIZED_AUTOS = YES_AGGRESSIVE;
				GCC_WARN_UNUSED_FUNCTION = YES;
				GCC_WARN_UNUSED_VARIABLE = YES;
				IPHONEOS_DEPLOYMENT_TARGET = 11.2;
				MTL_ENABLE_DEBUG_INFO = NO;
				SDKROOT = iphoneos;
				SWIFT_OPTIMIZATION_LEVEL = "-Owholemodule";
				VALIDATE_PRODUCT = YES;
			};
			name = Release;
		};
		FC206AAB2022A6D200FF0F45 /* Debug */ = {
			isa = XCBuildConfiguration;
			buildSettings = {
				ASSETCATALOG_COMPILER_APPICON_NAME = AppIcon;
				CODE_SIGN_STYLE = Automatic;
				DEVELOPMENT_TEAM = EPWV8KDDJE;
				INFOPLIST_FILE = WOOFWOOF/Info.plist;
				LD_RUNPATH_SEARCH_PATHS = "$(inherited) @executable_path/Frameworks";
				PRODUCT_BUNDLE_IDENTIFIER = com.LeeGwangYong.WOOFWOOF;
				PRODUCT_NAME = "$(TARGET_NAME)";
				SWIFT_VERSION = 4.0;
				TARGETED_DEVICE_FAMILY = "1,2";
			};
			name = Debug;
		};
		FC206AAC2022A6D200FF0F45 /* Release */ = {
			isa = XCBuildConfiguration;
			buildSettings = {
				ASSETCATALOG_COMPILER_APPICON_NAME = AppIcon;
				CODE_SIGN_STYLE = Automatic;
				DEVELOPMENT_TEAM = EPWV8KDDJE;
				INFOPLIST_FILE = WOOFWOOF/Info.plist;
				LD_RUNPATH_SEARCH_PATHS = "$(inherited) @executable_path/Frameworks";
				PRODUCT_BUNDLE_IDENTIFIER = com.LeeGwangYong.WOOFWOOF;
				PRODUCT_NAME = "$(TARGET_NAME)";
				SWIFT_VERSION = 4.0;
				TARGETED_DEVICE_FAMILY = "1,2";
			};
			name = Release;
		};
/* End XCBuildConfiguration section */

/* Begin XCConfigurationList section */
		FC206A932022A6D200FF0F45 /* Build configuration list for PBXProject "WOOFWOOF" */ = {
			isa = XCConfigurationList;
			buildConfigurations = (
				FC206AA82022A6D200FF0F45 /* Debug */,
				FC206AA92022A6D200FF0F45 /* Release */,
			);
			defaultConfigurationIsVisible = 0;
			defaultConfigurationName = Release;
		};
		FC206AAA2022A6D200FF0F45 /* Build configuration list for PBXNativeTarget "WOOFWOOF" */ = {
			isa = XCConfigurationList;
			buildConfigurations = (
				FC206AAB2022A6D200FF0F45 /* Debug */,
				FC206AAC2022A6D200FF0F45 /* Release */,
			);
			defaultConfigurationIsVisible = 0;
			defaultConfigurationName = Release;
		};
/* End XCConfigurationList section */
	};
	rootObject = FC206A902022A6D200FF0F45 /* Project object */;
}
